
Microsoft Visual Studio Solution File, Format Version 12.00
# Visual Studio Version 16
VisualStudioVersion = 16.0.30907.101
MinimumVisualStudioVersion = 10.0.40219.1
Project("{FAE04EC0-301F-11D3-BF4B-00C04F79EFBC}") = "MaisPDF", "MaisPDF\MaisPDF.csproj", "{21944770-DF43-4893-9AEA-A25A717284DB}"
EndProject
Project("{FAE04EC0-301F-11D3-BF4B-00C04F79EFBC}") = "PDFTest", "PDFTest\PDFTest.csproj", "{AE7EA76A-52EB-428D-A804-465678F8E0E3}"
EndProject
Global
	GlobalSection(SolutionConfigurationPlatforms) = preSolution
		Debug|Any CPU = Debug|Any CPU
		Release|Any CPU = Release|Any CPU
		Signed Release x64|Any CPU = Signed Release x64|Any CPU
		Signed Release|Any CPU = Signed Release|Any CPU
	EndGlobalSection
	GlobalSection(ProjectConfigurationPlatforms) = postSolution
		{21944770-DF43-4893-9AEA-A25A717284DB}.Debug|Any CPU.ActiveCfg = Debug|Any CPU
		{21944770-DF43-4893-9AEA-A25A717284DB}.Debug|Any CPU.Build.0 = Debug|Any CPU
		{21944770-DF43-4893-9AEA-A25A717284DB}.Release|Any CPU.ActiveCfg = Release|Any CPU
		{21944770-DF43-4893-9AEA-A25A717284DB}.Release|Any CPU.Build.0 = Release|Any CPU
		{21944770-DF43-4893-9AEA-A25A717284DB}.Signed Release x64|Any CPU.ActiveCfg = Release|Any CPU
		{21944770-DF43-4893-9AEA-A25A717284DB}.Signed Release x64|Any CPU.Build.0 = Release|Any CPU
		{21944770-DF43-4893-9AEA-A25A717284DB}.Signed Release|Any CPU.ActiveCfg = Release|Any CPU
		{21944770-DF43-4893-9AEA-A25A717284DB}.Signed Release|Any CPU.Build.0 = Release|Any CPU
		{AE7EA76A-52EB-428D-A804-465678F8E0E3}.Debug|Any CPU.ActiveCfg = Debug|Any CPU
		{AE7EA76A-52EB-428D-A804-465678F8E0E3}.Debug|Any CPU.Build.0 = Debug|Any CPU
		{AE7EA76A-52EB-428D-A804-465678F8E0E3}.Release|Any CPU.ActiveCfg = Release|Any CPU
		{AE7EA76A-52EB-428D-A804-465678F8E0E3}.Release|Any CPU.Build.0 = Release|Any CPU
		{AE7EA76A-52EB-428D-A804-465678F8E0E3}.Signed Release x64|Any CPU.ActiveCfg = Release|Any CPU
		{AE7EA76A-52EB-428D-A804-465678F8E0E3}.Signed Release x64|Any CPU.Build.0 = Release|Any CPU
		{AE7EA76A-52EB-428D-A804-465678F8E0E3}.Signed Release|Any CPU.ActiveCfg = Release|Any CPU
		{AE7EA76A-52EB-428D-A804-465678F8E0E3}.Signed Release|Any CPU.Build.0 = Release|Any CPU
	EndGlobalSection
	GlobalSection(SolutionProperties) = preSolution
		HideSolutionNode = FALSE
	EndGlobalSection
	GlobalSection(ExtensibilityGlobals) = postSolution
		SolutionGuid = {8AEF60EE-E116-49A3-A8C6-6C21E47A23AF}
	EndGlobalSection
EndGlobal
